
Microsoft Visual Studio Solution File, Format Version 12.00
# Visual Studio Version 16
VisualStudioVersion = 16.0.29519.181
MinimumVisualStudioVersion = 10.0.40219.1
Project("{FAE04EC0-301F-11D3-BF4B-00C04F79EFBC}") = "Amaradevops", "Amaradevops\Amaradevops.csproj", "{3E9C085B-71BA-447B-96B3-CBBA8BC55996}"
EndProject
Global
	GlobalSection(SolutionConfigurationPlatforms) = preSolution
		Debug|Any CPU = Debug|Any CPU
		Release|Any CPU = Release|Any CPU
	EndGlobalSection
	GlobalSection(ProjectConfigurationPlatforms) = postSolution
		{3E9C085B-71BA-447B-96B3-CBBA8BC55996}.Debug|Any CPU.ActiveCfg = Debug|Any CPU
		{3E9C085B-71BA-447B-96B3-CBBA8BC55996}.Debug|Any CPU.Build.0 = Debug|Any CPU
		{3E9C085B-71BA-447B-96B3-CBBA8BC55996}.Release|Any CPU.ActiveCfg = Release|Any CPU
		{3E9C085B-71BA-447B-96B3-CBBA8BC55996}.Release|Any CPU.Build.0 = Release|Any CPU
	EndGlobalSection
	GlobalSection(SolutionProperties) = preSolution
		HideSolutionNode = FALSE
	EndGlobalSection
	GlobalSection(ExtensibilityGlobals) = postSolution
		SolutionGuid = {B7F2BB69-417F-45AD-A51A-F3A55B3B022D}
	EndGlobalSection
EndGlobal
